
Microsoft Visual Studio Solution File, Format Version 12.00
# Visual Studio Version 17
VisualStudioVersion = 17.9.34902.65
MinimumVisualStudioVersion = 10.0.40219.1
Project("{9A19103F-16F7-4668-BE54-9A1E7A4F7556}") = "EmployeeTracker1.MAUI", "EmployeeTracker1.MAUI\EmployeeTracker1.MAUI.csproj", "{AD1D43FF-A656-4909-A9F0-7A3DA1CCD92B}"
EndProject
Project("{9A19103F-16F7-4668-BE54-9A1E7A4F7556}") = "EmployeeTracker1.WindowsService", "EmployeeTracker1.WindowsService\EmployeeTracker1.WindowsService.csproj", "{D414E883-F25F-4282-8273-054511B55794}"
EndProject
Global
	GlobalSection(SolutionConfigurationPlatforms) = preSolution
		Debug|Any CPU = Debug|Any CPU
		Release|Any CPU = Release|Any CPU
	EndGlobalSection
	GlobalSection(ProjectConfigurationPlatforms) = postSolution
		{AD1D43FF-A656-4909-A9F0-7A3DA1CCD92B}.Debug|Any CPU.ActiveCfg = Debug|Any CPU
		{AD1D43FF-A656-4909-A9F0-7A3DA1CCD92B}.Debug|Any CPU.Build.0 = Debug|Any CPU
		{AD1D43FF-A656-4909-A9F0-7A3DA1CCD92B}.Debug|Any CPU.Deploy.0 = Debug|Any CPU
		{AD1D43FF-A656-4909-A9F0-7A3DA1CCD92B}.Release|Any CPU.ActiveCfg = Release|Any CPU
		{AD1D43FF-A656-4909-A9F0-7A3DA1CCD92B}.Release|Any CPU.Build.0 = Release|Any CPU
		{AD1D43FF-A656-4909-A9F0-7A3DA1CCD92B}.Release|Any CPU.Deploy.0 = Release|Any CPU
		{D414E883-F25F-4282-8273-054511B55794}.Debug|Any CPU.ActiveCfg = Debug|Any CPU
		{D414E883-F25F-4282-8273-054511B55794}.Debug|Any CPU.Build.0 = Debug|Any CPU
		{D414E883-F25F-4282-8273-054511B55794}.Release|Any CPU.ActiveCfg = Release|Any CPU
		{D414E883-F25F-4282-8273-054511B55794}.Release|Any CPU.Build.0 = Release|Any CPU
	EndGlobalSection
	GlobalSection(SolutionProperties) = preSolution
		HideSolutionNode = FALSE
	EndGlobalSection
	GlobalSection(ExtensibilityGlobals) = postSolution
		SolutionGuid = {EEE5942B-88C2-4872-9B9D-7FA487B96083}
	EndGlobalSection
EndGlobal
